// !$*UTF8*$!
{
	archiveVersion = 1;
	classes = {
	};
	objectVersion = 52;
	objects = {

/* Begin PBXBuildFile section */
		F84713D42437A7C1000514ED /* AppDelegate.swift in Sources */ = {isa = PBXBuildFile; fileRef = F84713D32437A7C1000514ED /* AppDelegate.swift */; };
		F84713D62437A7C1000514ED /* SceneDelegate.swift in Sources */ = {isa = PBXBuildFile; fileRef = F84713D52437A7C1000514ED /* SceneDelegate.swift */; };
		F84713D82437A7C1000514ED /* ContentView.swift in Sources */ = {isa = PBXBuildFile; fileRef = F84713D72437A7C1000514ED /* ContentView.swift */; };
		F84713DA2437A7C5000514ED /* Assets.xcassets in Resources */ = {isa = PBXBuildFile; fileRef = F84713D92437A7C5000514ED /* Assets.xcassets */; };
		F84713DD2437A7C5000514ED /* Preview Assets.xcassets in Resources */ = {isa = PBXBuildFile; fileRef = F84713DC2437A7C5000514ED /* Preview Assets.xcassets */; };
		F84713E02437A7C5000514ED /* LaunchScreen.storyboard in Resources */ = {isa = PBXBuildFile; fileRef = F84713DE2437A7C5000514ED /* LaunchScreen.storyboard */; };
		F84713E92437A82B000514ED /* SDWebImageSwiftUI in Frameworks */ = {isa = PBXBuildFile; productRef = F84713E82437A82B000514ED /* SDWebImageSwiftUI */; };
/* End PBXBuildFile section */

/* Begin PBXFileReference section */
		F84713D02437A7C1000514ED /* WebImageTest.app */ = {isa = PBXFileReference; explicitFileType = wrapper.application; includeInIndex = 0; path = WebImageTest.app; sourceTree = BUILT_PRODUCTS_DIR; };
		F84713D32437A7C1000514ED /* AppDelegate.swift */ = {isa = PBXFileReference; lastKnownFileType = sourcecode.swift; path = AppDelegate.swift; sourceTree = "<group>"; };
		F84713D52437A7C1000514ED /* SceneDelegate.swift */ = {isa = PBXFileReference; lastKnownFileType = sourcecode.swift; path = SceneDelegate.swift; sourceTree = "<group>"; };
		F84713D72437A7C1000514ED /* ContentView.swift */ = {isa = PBXFileReference; lastKnownFileType = sourcecode.swift; path = ContentView.swift; sourceTree = "<group>"; };
		F84713D92437A7C5000514ED /* Assets.xcassets */ = {isa = PBXFileReference; lastKnownFileType = folder.assetcatalog; path = Assets.xcassets; sourceTree = "<group>"; };
		F84713DC2437A7C5000514ED /* Preview Assets.xcassets */ = {isa = PBXFileReference; lastKnownFileType = folder.assetcatalog; path = "Preview Assets.xcassets"; sourceTree = "<group>"; };
		F84713DF2437A7C5000514ED /* Base */ = {isa = PBXFileReference; lastKnownFileType = file.storyboard; name = Base; path = Base.lproj/LaunchScreen.storyboard; sourceTree = "<group>"; };
		F84713E12437A7C5000514ED /* Info.plist */ = {isa = PBXFileReference; lastKnownFileType = text.plist.xml; path = Info.plist; sourceTree = "<group>"; };
/* End PBXFileReference section */

/* Begin PBXFrameworksBuildPhase section */
		F84713CD2437A7C1000514ED /* Frameworks */ = {
			isa = PBXFrameworksBuildPhase;
			buildActionMask = 2147483647;
			files = (
				F84713E92437A82B000514ED /* SDWebImageSwiftUI in Frameworks */,
			);
			runOnlyForDeploymentPostprocessing = 0;
		};
/* End PBXFrameworksBuildPhase section */

/* Begin PBXGroup section */
		F84713C72437A7C1000514ED = {
			isa = PBXGroup;
			children = (
				F84713D22437A7C1000514ED /* WebImageTest */,
				F84713D12437A7C1000514ED /* Products */,
			);
			sourceTree = "<group>";
		};
		F84713D12437A7C1000514ED /* Products */ = {
			isa = PBXGroup;
			children = (
				F84713D02437A7C1000514ED /* WebImageTest.app */,
			);
			name = Products;
			sourceTree = "<group>";
		};
		F84713D22437A7C1000514ED /* WebImageTest */ = {
			isa = PBXGroup;
			children = (
				F84713D32437A7C1000514ED /* AppDelegate.swift */,
				F84713D52437A7C1000514ED /* SceneDelegate.swift */,
				F84713D72437A7C1000514ED /* ContentView.swift */,
				F84713D92437A7C5000514ED /* Assets.xcassets */,
				F84713DE2437A7C5000514ED /* LaunchScreen.storyboard */,
				F84713E12437A7C5000514ED /* Info.plist */,
				F84713DB2437A7C5000514ED /* Preview Content */,
			);
			path = WebImageTest;
			sourceTree = "<group>";
		};
		F84713DB2437A7C5000514ED /* Preview Content */ = {
			isa = PBXGroup;
			children = (
				F84713DC2437A7C5000514ED /* Preview Assets.xcassets */,
			);
			path = "Preview Content";
			sourceTree = "<group>";
		};
/* End PBXGroup section */

/* Begin PBXNativeTarget section */
		F84713CF2437A7C1000514ED /* WebImageTest */ = {
			isa = PBXNativeTarget;
			buildConfigurationList = F84713E42437A7C5000514ED /* Build configuration list for PBXNativeTarget "WebImageTest" */;
			buildPhases = (
				F84713CC2437A7C1000514ED /* Sources */,
				F84713CD2437A7C1000514ED /* Frameworks */,
				F84713CE2437A7C1000514ED /* Resources */,
			);
			buildRules = (
			);
			dependencies = (
			);
			name = WebImageTest;
			packageProductDependencies = (
				F84713E82437A82B000514ED /* SDWebImageSwiftUI */,
			);
			productName = WebImageTest;
			productReference = F84713D02437A7C1000514ED /* WebImageTest.app */;
			productType = "com.apple.product-type.application";
		};
/* End PBXNativeTarget section */

/* Begin PBXProject section */
		F84713C82437A7C1000514ED /* Project object */ = {
			isa = PBXProject;
			attributes = {
				LastSwiftUpdateCheck = 1140;
				LastUpgradeCheck = 1140;
				ORGANIZATIONNAME = dev;
				TargetAttributes = {
					F84713CF2437A7C1000514ED = {
						CreatedOnToolsVersion = 11.4;
					};
				};
			};
			buildConfigurationList = F84713CB2437A7C1000514ED /* Build configuration list for PBXProject "WebImageTest" */;
			compatibilityVersion = "Xcode 9.3";
			developmentRegion = en;
			hasScannedForEncodings = 0;
			knownRegions = (
				en,
				Base,
			);
			mainGroup = F84713C72437A7C1000514ED;
			packageReferences = (
				F84713E72437A82B000514ED /* XCRemoteSwiftPackageReference "SDWebImageSwiftUI" */,
			);
			productRefGroup = F84713D12437A7C1000514ED /* Products */;
			projectDirPath = "";
			projectRoot = "";
			targets = (
				F84713CF2437A7C1000514ED /* WebImageTest */,
			);
		};
/* End PBXProject section */

/* Begin PBXResourcesBuildPhase section */
		F84713CE2437A7C1000514ED /* Resources */ = {
			isa = PBXResourcesBuildPhase;
			buildActionMask = 2147483647;
			files = (
				F84713E02437A7C5000514ED /* LaunchScreen.storyboard in Resources */,
				F84713DD2437A7C5000514ED /* Preview Assets.xcassets in Resources */,
				F84713DA2437A7C5000514ED /* Assets.xcassets in Resources */,
			);
			runOnlyForDeploymentPostprocessing = 0;
		};
/* End PBXResourcesBuildPhase section */

/* Begin PBXSourcesBuildPhase section */
		F84713CC2437A7C1000514ED /* Sources */ = {
			isa = PBXSourcesBuildPhase;
			buildActionMask = 2147483647;
			files = (
				F84713D42437A7C1000514ED /* AppDelegate.swift in Sources */,
				F84713D62437A7C1000514ED /* SceneDelegate.swift in Sources */,
				F84713D82437A7C1000514ED /* ContentView.swift in Sources */,
			);
			runOnlyForDeploymentPostprocessing = 0;
		};
/* End PBXSourcesBuildPhase section */

/* Begin PBXVariantGroup section */
		F84713DE2437A7C5000514ED /* LaunchScreen.storyboard */ = {
			isa = PBXVariantGroup;
			children = (
				F84713DF2437A7C5000514ED /* Base */,
			);
			name = LaunchScreen.storyboard;
			sourceTree = "<group>";
		};
/* End PBXVariantGroup section */

/* Begin XCBuildConfiguration section */
		F84713E22437A7C5000514ED /* Debug */ = {
			isa = XCBuildConfiguration;
			buildSettings = {
				ALWAYS_SEARCH_USER_PATHS = NO;
				CLANG_ANALYZER_NONNULL = YES;
				CLANG_ANALYZER_NUMBER_OBJECT_CONVERSION = YES_AGGRESSIVE;
				CLANG_CXX_LANGUAGE_STANDARD = "gnu++14";
				CLANG_CXX_LIBRARY = "libc++";
				CLANG_ENABLE_MODULES = YES;
				CLANG_ENABLE_OBJC_ARC = YES;
				CLANG_ENABLE_OBJC_WEAK = YES;
				CLANG_WARN_BLOCK_CAPTURE_AUTORELEASING = YES;
				CLANG_WARN_BOOL_CONVERSION = YES;
				CLANG_WARN_COMMA = YES;
				CLANG_WARN_CONSTANT_CONVERSION = YES;
				CLANG_WARN_DEPRECATED_OBJC_IMPLEMENTATIONS = YES;
				CLANG_WARN_DIRECT_OBJC_ISA_USAGE = YES_ERROR;
				CLANG_WARN_DOCUMENTATION_COMMENTS = YES;
				CLANG_WARN_EMPTY_BODY = YES;
				CLANG_WARN_ENUM_CONVERSION = YES;
				CLANG_WARN_INFINITE_RECURSION = YES;
				CLANG_WARN_INT_CONVERSION = YES;
				CLANG_WARN_NON_LITERAL_NULL_CONVERSION = YES;
				CLANG_WARN_OBJC_IMPLICIT_RETAIN_SELF = YES;
				CLANG_WARN_OBJC_LITERAL_CONVERSION = YES;
				CLANG_WARN_OBJC_ROOT_CLASS = YES_ERROR;
				CLANG_WARN_RANGE_LOOP_ANALYSIS = YES;
				CLANG_WARN_STRICT_PROTOTYPES = YES;
				CLANG_WARN_SUSPICIOUS_MOVE = YES;
				CLANG_WARN_UNGUARDED_AVAILABILITY = YES_AGGRESSIVE;
				CLANG_WARN_UNREACHABLE_CODE = YES;
				CLANG_WARN__DUPLICATE_METHOD_MATCH = YES;
				COPY_PHASE_STRIP = NO;
				DEBUG_INFORMATION_FORMAT = dwarf;
				ENABLE_STRICT_OBJC_MSGSEND = YES;
				ENABLE_TESTABILITY = YES;
				GCC_C_LANGUAGE_STANDARD = gnu11;
				GCC_DYNAMIC_NO_PIC = NO;
				GCC_NO_COMMON_BLOCKS = YES;
				GCC_OPTIMIZATION_LEVEL = 0;
				GCC_PREPROCESSOR_DEFINITIONS = (
					"DEBUG=1",
					"$(inherited)",
				);
				GCC_WARN_64_TO_32_BIT_CONVERSION = YES;
				GCC_WARN_ABOUT_RETURN_TYPE = YES_ERROR;
				GCC_WARN_UNDECLARED_SELECTOR = YES;
				GCC_WARN_UNINITIALIZED_AUTOS = YES_AGGRESSIVE;
				GCC_WARN_UNUSED_FUNCTION = YES;
				GCC_WARN_UNUSED_VARIABLE = YES;
				IPHONEOS_DEPLOYMENT_TARGET = 13.4;
				MTL_ENABLE_DEBUG_INFO = INCLUDE_SOURCE;
				MTL_FAST_MATH = YES;
				ONLY_ACTIVE_ARCH = YES;
				SDKROOT = iphoneos;
				SWIFT_ACTIVE_COMPILATION_CONDITIONS = DEBUG;
				SWIFT_OPTIMIZATION_LEVEL = "-Onone";
			};
			name = Debug;
		};
		F84713E32437A7C5000514ED /* Release */ = {
			isa = XCBuildConfiguration;
			buildSettings = {
				ALWAYS_SEARCH_USER_PATHS = NO;
				CLANG_ANALYZER_NONNULL = YES;
				CLANG_ANALYZER_NUMBER_OBJECT_CONVERSION = YES_AGGRESSIVE;
				CLANG_CXX_LANGUAGE_STANDARD = "gnu++14";
				CLANG_CXX_LIBRARY = "libc++";
				CLANG_ENABLE_MODULES = YES;
				CLANG_ENABLE_OBJC_ARC = YES;
				CLANG_ENABLE_OBJC_WEAK = YES;
				CLANG_WARN_BLOCK_CAPTURE_AUTORELEASING = YES;
				CLANG_WARN_BOOL_CONVERSION = YES;
				CLANG_WARN_COMMA = YES;
				CLANG_WARN_CONSTANT_CONVERSION = YES;
				CLANG_WARN_DEPRECATED_OBJC_IMPLEMENTATIONS = YES;
				CLANG_WARN_DIRECT_OBJC_ISA_USAGE = YES_ERROR;
				CLANG_WARN_DOCUMENTATION_COMMENTS = YES;
				CLANG_WARN_EMPTY_BODY = YES;
				CLANG_WARN_ENUM_CONVERSION = YES;
				CLANG_WARN_INFINITE_RECURSION = YES;
				CLANG_WARN_INT_CONVERSION = YES;
				CLANG_WARN_NON_LITERAL_NULL_CONVERSION = YES;
				CLANG_WARN_OBJC_IMPLICIT_RETAIN_SELF = YES;
				CLANG_WARN_OBJC_LITERAL_CONVERSION = YES;
				CLANG_WARN_OBJC_ROOT_CLASS = YES_ERROR;
				CLANG_WARN_RANGE_LOOP_ANALYSIS = YES;
				CLANG_WARN_STRICT_PROTOTYPES = YES;
				CLANG_WARN_SUSPICIOUS_MOVE = YES;
				CLANG_WARN_UNGUARDED_AVAILABILITY = YES_AGGRESSIVE;
				CLANG_WARN_UNREACHABLE_CODE = YES;
				CLANG_WARN__DUPLICATE_METHOD_MATCH = YES;
				COPY_PHASE_STRIP = NO;
				DEBUG_INFORMATION_FORMAT = "dwarf-with-dsym";
				ENABLE_NS_ASSERTIONS = NO;
				ENABLE_STRICT_OBJC_MSGSEND = YES;
				GCC_C_LANGUAGE_STANDARD = gnu11;
				GCC_NO_COMMON_BLOCKS = YES;
				GCC_WARN_64_TO_32_BIT_CONVERSION = YES;
				GCC_WARN_ABOUT_RETURN_TYPE = YES_ERROR;
				GCC_WARN_UNDECLARED_SELECTOR = YES;
				GCC_WARN_UNINITIALIZED_AUTOS = YES_AGGRESSIVE;
				GCC_WARN_UNUSED_FUNCTION = YES;
				GCC_WARN_UNUSED_VARIABLE = YES;
				IPHONEOS_DEPLOYMENT_TARGET = 13.4;
				MTL_ENABLE_DEBUG_INFO = NO;
				MTL_FAST_MATH = YES;
				SDKROOT = iphoneos;
				SWIFT_COMPILATION_MODE = wholemodule;
				SWIFT_OPTIMIZATION_LEVEL = "-O";
				VALIDATE_PRODUCT = YES;
			};
			name = Release;
		};
		F84713E52437A7C5000514ED /* Debug */ = {
			isa = XCBuildConfiguration;
			buildSettings = {
				ASSETCATALOG_COMPILER_APPICON_NAME = AppIcon;
				CODE_SIGN_STYLE = Automatic;
				DEVELOPMENT_ASSET_PATHS = "\"WebImageTest/Preview Content\"";
				DEVELOPMENT_TEAM = DD7799W2ZG;
				ENABLE_PREVIEWS = YES;
				INFOPLIST_FILE = WebImageTest/Info.plist;
				LD_RUNPATH_SEARCH_PATHS = (
					"$(inherited)",
					"@executable_path/Frameworks",
				);
				PRODUCT_BUNDLE_IDENTIFIER = com.dev.WebImageTest;
				PRODUCT_NAME = "$(TARGET_NAME)";
				SWIFT_VERSION = 5.0;
				TARGETED_DEVICE_FAMILY = "1,2";
			};
			name = Debug;
		};
		F84713E62437A7C5000514ED /* Release */ = {
			isa = XCBuildConfiguration;
			buildSettings = {
				ASSETCATALOG_COMPILER_APPICON_NAME = AppIcon;
				CODE_SIGN_STYLE = Automatic;
				DEVELOPMENT_ASSET_PATHS = "\"WebImageTest/Preview Content\"";
				DEVELOPMENT_TEAM = DD7799W2ZG;
				ENABLE_PREVIEWS = YES;
				INFOPLIST_FILE = WebImageTest/Info.plist;
				LD_RUNPATH_SEARCH_PATHS = (
					"$(inherited)",
					"@executable_path/Frameworks",
				);
				PRODUCT_BUNDLE_IDENTIFIER = com.dev.WebImageTest;
				PRODUCT_NAME = "$(TARGET_NAME)";
				SWIFT_VERSION = 5.0;
				TARGETED_DEVICE_FAMILY = "1,2";
			};
			name = Release;
		};
/* End XCBuildConfiguration section */

/* Begin XCConfigurationList section */
		F84713CB2437A7C1000514ED /* Build configuration list for PBXProject "WebImageTest" */ = {
			isa = XCConfigurationList;
			buildConfigurations = (
				F84713E22437A7C5000514ED /* Debug */,
				F84713E32437A7C5000514ED /* Release */,
			);
			defaultConfigurationIsVisible = 0;
			defaultConfigurationName = Release;
		};
		F84713E42437A7C5000514ED /* Build configuration list for PBXNativeTarget "WebImageTest" */ = {
			isa = XCConfigurationList;
			buildConfigurations = (
				F84713E52437A7C5000514ED /* Debug */,
				F84713E62437A7C5000514ED /* Release */,
			);
			defaultConfigurationIsVisible = 0;
			defaultConfigurationName = Release;
		};
/* End XCConfigurationList section */

/* Begin XCRemoteSwiftPackageReference section */
		F84713E72437A82B000514ED /* XCRemoteSwiftPackageReference "SDWebImageSwiftUI" */ = {
			isa = XCRemoteSwiftPackageReference;
			repositoryURL = "https://github.com/SDWebImage/SDWebImageSwiftUI";
			requirement = {
				kind = upToNextMajorVersion;
				minimumVersion = 1.2.1;
			};
		};
/* End XCRemoteSwiftPackageReference section */

/* Begin XCSwiftPackageProductDependency section */
		F84713E82437A82B000514ED /* SDWebImageSwiftUI */ = {
			isa = XCSwiftPackageProductDependency;
			package = F84713E72437A82B000514ED /* XCRemoteSwiftPackageReference "SDWebImageSwiftUI" */;
			productName = SDWebImageSwiftUI;
		};
/* End XCSwiftPackageProductDependency section */
	};
	rootObject = F84713C82437A7C1000514ED /* Project object */;
}
