{
  "object": {
    "pins": [
      {
        "package": "SDWebImage",
        "repositoryURL": "https://github.com/SDWebImage/SDWebImage.git",
        "state": {
          "branch": null,
          "revision": "2dcf1b65994d92ef8806f52dc41aa6fdd677489c",
          "version": "5.6.1"
        }
      },
      {
        "package": "SDWebImageSwiftUI",
        "repositoryURL": "https://github.com/SDWebImage/SDWebImageSwiftUI",
        "state": {
          "branch": null,
          "revision": "caebf495b98ee02d422b9f533b42a1f674b27b03",
          "version": "1.2.1"
        }
      }
    ]
  },
  "version": 1
}
